// !$*UTF8*$!
{
	archiveVersion = 1;
	classes = {
	};
	objectVersion = 46;
	objects = {

/* Begin PBXBuildFile section */
		6164ACE71E0A5971000284B6 /* DataController.swift in Sources */ = {isa = PBXBuildFile; fileRef = 6164ACE61E0A5971000284B6 /* DataController.swift */; };
		61BB03651DF14B9A000147CF /* AppDelegate.swift in Sources */ = {isa = PBXBuildFile; fileRef = 61BB03641DF14B9A000147CF /* AppDelegate.swift */; };
		61BB03671DF14B9A000147CF /* ViewController.swift in Sources */ = {isa = PBXBuildFile; fileRef = 61BB03661DF14B9A000147CF /* ViewController.swift */; };
		61BB036A1DF14B9A000147CF /* Main.storyboard in Resources */ = {isa = PBXBuildFile; fileRef = 61BB03681DF14B9A000147CF /* Main.storyboard */; };
		61BB036C1DF14B9A000147CF /* Assets.xcassets in Resources */ = {isa = PBXBuildFile; fileRef = 61BB036B1DF14B9A000147CF /* Assets.xcassets */; };
		61BB036F1DF14B9A000147CF /* LaunchScreen.storyboard in Resources */ = {isa = PBXBuildFile; fileRef = 61BB036D1DF14B9A000147CF /* LaunchScreen.storyboard */; };
		61E008E61DF7C77D00BF1312 /* CoreiOS.framework in Frameworks */ = {isa = PBXBuildFile; fileRef = 61E008E51DF7C77D00BF1312 /* CoreiOS.framework */; };
		61E008E71DF7C77D00BF1312 /* CoreiOS.framework in Embed Frameworks */ = {isa = PBXBuildFile; fileRef = 61E008E51DF7C77D00BF1312 /* CoreiOS.framework */; settings = {ATTRIBUTES = (CodeSignOnCopy, RemoveHeadersOnCopy, ); }; };
/* End PBXBuildFile section */

/* Begin PBXCopyFilesBuildPhase section */
		61E174521DF1680F00B5AF92 /* Embed Frameworks */ = {
			isa = PBXCopyFilesBuildPhase;
			buildActionMask = 2147483647;
			dstPath = "";
			dstSubfolderSpec = 10;
			files = (
				61E008E71DF7C77D00BF1312 /* CoreiOS.framework in Embed Frameworks */,
			);
			name = "Embed Frameworks";
			runOnlyForDeploymentPostprocessing = 0;
		};
/* End PBXCopyFilesBuildPhase section */

/* Begin PBXFileReference section */
		6164ACE61E0A5971000284B6 /* DataController.swift */ = {isa = PBXFileReference; fileEncoding = 4; lastKnownFileType = sourcecode.swift; path = DataController.swift; sourceTree = "<group>"; };
		61BB03611DF14B9A000147CF /* SDKTest.app */ = {isa = PBXFileReference; explicitFileType = wrapper.application; includeInIndex = 0; path = SDKTest.app; sourceTree = BUILT_PRODUCTS_DIR; };
		61BB03641DF14B9A000147CF /* AppDelegate.swift */ = {isa = PBXFileReference; lastKnownFileType = sourcecode.swift; path = AppDelegate.swift; sourceTree = "<group>"; };
		61BB03661DF14B9A000147CF /* ViewController.swift */ = {isa = PBXFileReference; lastKnownFileType = sourcecode.swift; path = ViewController.swift; sourceTree = "<group>"; };
		61BB03691DF14B9A000147CF /* Base */ = {isa = PBXFileReference; lastKnownFileType = file.storyboard; name = Base; path = Base.lproj/Main.storyboard; sourceTree = "<group>"; };
		61BB036B1DF14B9A000147CF /* Assets.xcassets */ = {isa = PBXFileReference; lastKnownFileType = folder.assetcatalog; path = Assets.xcassets; sourceTree = "<group>"; };
		61BB036E1DF14B9A000147CF /* Base */ = {isa = PBXFileReference; lastKnownFileType = file.storyboard; name = Base; path = Base.lproj/LaunchScreen.storyboard; sourceTree = "<group>"; };
		61BB03701DF14B9A000147CF /* Info.plist */ = {isa = PBXFileReference; lastKnownFileType = text.plist.xml; path = Info.plist; sourceTree = "<group>"; };
		61E008E51DF7C77D00BF1312 /* CoreiOS.framework */ = {isa = PBXFileReference; explicitFileType = wrapper.framework; path = CoreiOS.framework; sourceTree = BUILT_PRODUCTS_DIR; };
/* End PBXFileReference section */

/* Begin PBXFrameworksBuildPhase section */
		61BB035E1DF14B9A000147CF /* Frameworks */ = {
			isa = PBXFrameworksBuildPhase;
			buildActionMask = 2147483647;
			files = (
				61E008E61DF7C77D00BF1312 /* CoreiOS.framework in Frameworks */,
			);
			runOnlyForDeploymentPostprocessing = 0;
		};
/* End PBXFrameworksBuildPhase section */

/* Begin PBXGroup section */
		61BB03581DF14B9A000147CF = {
			isa = PBXGroup;
			children = (
				61E008E51DF7C77D00BF1312 /* CoreiOS.framework */,
				61BB03631DF14B9A000147CF /* SDKTest */,
				61BB03621DF14B9A000147CF /* Products */,
			);
			sourceTree = "<group>";
		};
		61BB03621DF14B9A000147CF /* Products */ = {
			isa = PBXGroup;
			children = (
				61BB03611DF14B9A000147CF /* SDKTest.app */,
			);
			name = Products;
			sourceTree = "<group>";
		};
		61BB03631DF14B9A000147CF /* SDKTest */ = {
			isa = PBXGroup;
			children = (
				61BB03661DF14B9A000147CF /* ViewController.swift */,
				61BB03641DF14B9A000147CF /* AppDelegate.swift */,
				6164ACE61E0A5971000284B6 /* DataController.swift */,
				61BB03681DF14B9A000147CF /* Main.storyboard */,
				61BB036B1DF14B9A000147CF /* Assets.xcassets */,
				61BB036D1DF14B9A000147CF /* LaunchScreen.storyboard */,
				61BB03701DF14B9A000147CF /* Info.plist */,
			);
			path = SDKTest;
			sourceTree = "<group>";
		};
/* End PBXGroup section */

/* Begin PBXNativeTarget section */
		61BB03601DF14B9A000147CF /* SDKTest */ = {
			isa = PBXNativeTarget;
			buildConfigurationList = 61BB03731DF14B9B000147CF /* Build configuration list for PBXNativeTarget "SDKTest" */;
			buildPhases = (
				61BB035D1DF14B9A000147CF /* Sources */,
				61BB035E1DF14B9A000147CF /* Frameworks */,
				61BB035F1DF14B9A000147CF /* Resources */,
				61E174521DF1680F00B5AF92 /* Embed Frameworks */,
			);
			buildRules = (
			);
			dependencies = (
			);
			name = SDKTest;
			productName = SDKTest;
			productReference = 61BB03611DF14B9A000147CF /* SDKTest.app */;
			productType = "com.apple.product-type.application";
		};
/* End PBXNativeTarget section */

/* Begin PBXProject section */
		61BB03591DF14B9A000147CF /* Project object */ = {
			isa = PBXProject;
			attributes = {
				LastSwiftUpdateCheck = 0810;
				LastUpgradeCheck = 0810;
				ORGANIZATIONNAME = "Albin CR";
				TargetAttributes = {
					61BB03601DF14B9A000147CF = {
						CreatedOnToolsVersion = 8.1;
						DevelopmentTeam = 8AG3F685RU;
						ProvisioningStyle = Automatic;
					};
				};
			};
			buildConfigurationList = 61BB035C1DF14B9A000147CF /* Build configuration list for PBXProject "SDKTest" */;
			compatibilityVersion = "Xcode 3.2";
			developmentRegion = English;
			hasScannedForEncodings = 0;
			knownRegions = (
				en,
				Base,
			);
			mainGroup = 61BB03581DF14B9A000147CF;
			productRefGroup = 61BB03621DF14B9A000147CF /* Products */;
			projectDirPath = "";
			projectRoot = "";
			targets = (
				61BB03601DF14B9A000147CF /* SDKTest */,
			);
		};
/* End PBXProject section */

/* Begin PBXResourcesBuildPhase section */
		61BB035F1DF14B9A000147CF /* Resources */ = {
			isa = PBXResourcesBuildPhase;
			buildActionMask = 2147483647;
			files = (
				61BB036F1DF14B9A000147CF /* LaunchScreen.storyboard in Resources */,
				61BB036C1DF14B9A000147CF /* Assets.xcassets in Resources */,
				61BB036A1DF14B9A000147CF /* Main.storyboard in Resources */,
			);
			runOnlyForDeploymentPostprocessing = 0;
		};
/* End PBXResourcesBuildPhase section */

/* Begin PBXSourcesBuildPhase section */
		61BB035D1DF14B9A000147CF /* Sources */ = {
			isa = PBXSourcesBuildPhase;
			buildActionMask = 2147483647;
			files = (
				61BB03671DF14B9A000147CF /* ViewController.swift in Sources */,
				6164ACE71E0A5971000284B6 /* DataController.swift in Sources */,
				61BB03651DF14B9A000147CF /* AppDelegate.swift in Sources */,
			);
			runOnlyForDeploymentPostprocessing = 0;
		};
/* End PBXSourcesBuildPhase section */

/* Begin PBXVariantGroup section */
		61BB03681DF14B9A000147CF /* Main.storyboard */ = {
			isa = PBXVariantGroup;
			children = (
				61BB03691DF14B9A000147CF /* Base */,
			);
			name = Main.storyboard;
			sourceTree = "<group>";
		};
		61BB036D1DF14B9A000147CF /* LaunchScreen.storyboard */ = {
			isa = PBXVariantGroup;
			children = (
				61BB036E1DF14B9A000147CF /* Base */,
			);
			name = LaunchScreen.storyboard;
			sourceTree = "<group>";
		};
/* End PBXVariantGroup section */

/* Begin XCBuildConfiguration section */
		61BB03711DF14B9B000147CF /* Debug */ = {
			isa = XCBuildConfiguration;
			buildSettings = {
				ALWAYS_SEARCH_USER_PATHS = NO;
				CLANG_ANALYZER_NONNULL = YES;
				CLANG_CXX_LANGUAGE_STANDARD = "gnu++0x";
				CLANG_CXX_LIBRARY = "libc++";
				CLANG_ENABLE_MODULES = YES;
				CLANG_ENABLE_OBJC_ARC = YES;
				CLANG_WARN_BOOL_CONVERSION = YES;
				CLANG_WARN_CONSTANT_CONVERSION = YES;
				CLANG_WARN_DIRECT_OBJC_ISA_USAGE = YES_ERROR;
				CLANG_WARN_DOCUMENTATION_COMMENTS = YES;
				CLANG_WARN_EMPTY_BODY = YES;
				CLANG_WARN_ENUM_CONVERSION = YES;
				CLANG_WARN_INFINITE_RECURSION = YES;
				CLANG_WARN_INT_CONVERSION = YES;
				CLANG_WARN_OBJC_ROOT_CLASS = YES_ERROR;
				CLANG_WARN_SUSPICIOUS_MOVES = YES;
				CLANG_WARN_UNREACHABLE_CODE = YES;
				CLANG_WARN__DUPLICATE_METHOD_MATCH = YES;
				"CODE_SIGN_IDENTITY[sdk=iphoneos*]" = "iPhone Developer";
				COPY_PHASE_STRIP = NO;
				DEBUG_INFORMATION_FORMAT = dwarf;
				ENABLE_STRICT_OBJC_MSGSEND = YES;
				ENABLE_TESTABILITY = YES;
				GCC_C_LANGUAGE_STANDARD = gnu99;
				GCC_DYNAMIC_NO_PIC = NO;
				GCC_NO_COMMON_BLOCKS = YES;
				GCC_OPTIMIZATION_LEVEL = 0;
				GCC_PREPROCESSOR_DEFINITIONS = (
					"DEBUG=1",
					"$(inherited)",
				);
				GCC_WARN_64_TO_32_BIT_CONVERSION = YES;
				GCC_WARN_ABOUT_RETURN_TYPE = YES_ERROR;
				GCC_WARN_UNDECLARED_SELECTOR = YES;
				GCC_WARN_UNINITIALIZED_AUTOS = YES_AGGRESSIVE;
				GCC_WARN_UNUSED_FUNCTION = YES;
				GCC_WARN_UNUSED_VARIABLE = YES;
				IPHONEOS_DEPLOYMENT_TARGET = 10.1;
				MTL_ENABLE_DEBUG_INFO = YES;
				ONLY_ACTIVE_ARCH = YES;
				SDKROOT = iphoneos;
				SWIFT_ACTIVE_COMPILATION_CONDITIONS = DEBUG;
				SWIFT_OPTIMIZATION_LEVEL = "-Onone";
				TARGETED_DEVICE_FAMILY = "1,2";
			};
			name = Debug;
		};
		61BB03721DF14B9B000147CF /* Release */ = {
			isa = XCBuildConfiguration;
			buildSettings = {
				ALWAYS_SEARCH_USER_PATHS = NO;
				CLANG_ANALYZER_NONNULL = YES;
				CLANG_CXX_LANGUAGE_STANDARD = "gnu++0x";
				CLANG_CXX_LIBRARY = "libc++";
				CLANG_ENABLE_MODULES = YES;
				CLANG_ENABLE_OBJC_ARC = YES;
				CLANG_WARN_BOOL_CONVERSION = YES;
				CLANG_WARN_CONSTANT_CONVERSION = YES;
				CLANG_WARN_DIRECT_OBJC_ISA_USAGE = YES_ERROR;
				CLANG_WARN_DOCUMENTATION_COMMENTS = YES;
				CLANG_WARN_EMPTY_BODY = YES;
				CLANG_WARN_ENUM_CONVERSION = YES;
				CLANG_WARN_INFINITE_RECURSION = YES;
				CLANG_WARN_INT_CONVERSION = YES;
				CLANG_WARN_OBJC_ROOT_CLASS = YES_ERROR;
				CLANG_WARN_SUSPICIOUS_MOVES = YES;
				CLANG_WARN_UNREACHABLE_CODE = YES;
				CLANG_WARN__DUPLICATE_METHOD_MATCH = YES;
				"CODE_SIGN_IDENTITY[sdk=iphoneos*]" = "iPhone Developer";
				COPY_PHASE_STRIP = NO;
				DEBUG_INFORMATION_FORMAT = "dwarf-with-dsym";
				ENABLE_NS_ASSERTIONS = NO;
				ENABLE_STRICT_OBJC_MSGSEND = YES;
				GCC_C_LANGUAGE_STANDARD = gnu99;
				GCC_NO_COMMON_BLOCKS = YES;
				GCC_WARN_64_TO_32_BIT_CONVERSION = YES;
				GCC_WARN_ABOUT_RETURN_TYPE = YES_ERROR;
				GCC_WARN_UNDECLARED_SELECTOR = YES;
				GCC_WARN_UNINITIALIZED_AUTOS = YES_AGGRESSIVE;
				GCC_WARN_UNUSED_FUNCTION = YES;
				GCC_WARN_UNUSED_VARIABLE = YES;
				IPHONEOS_DEPLOYMENT_TARGET = 10.1;
				MTL_ENABLE_DEBUG_INFO = NO;
				SDKROOT = iphoneos;
				SWIFT_OPTIMIZATION_LEVEL = "-Owholemodule";
				TARGETED_DEVICE_FAMILY = "1,2";
				VALIDATE_PRODUCT = YES;
			};
			name = Release;
		};
		61BB03741DF14B9B000147CF /* Debug */ = {
			isa = XCBuildConfiguration;
			buildSettings = {
				ASSETCATALOG_COMPILER_APPICON_NAME = AppIcon;
				CODE_SIGN_IDENTITY = "iPhone Developer";
				DEVELOPMENT_TEAM = 8AG3F685RU;
				FRAMEWORK_SEARCH_PATHS = (
					"$(inherited)",
					"$(PROJECT_DIR)/SDKTest",
					"$(PROJECT_DIR)",
				);
				INFOPLIST_FILE = SDKTest/Info.plist;
				LD_RUNPATH_SEARCH_PATHS = "$(inherited) @executable_path/Frameworks";
				PRODUCT_BUNDLE_IDENTIFIER = creation.SDKTest;
				PRODUCT_NAME = "$(TARGET_NAME)";
				PROVISIONING_PROFILE = "47b6ad46-9b3a-4ee9-bf10-fd6cf1946f9f";
				SDKROOT = iphoneos9.3;
				SWIFT_VERSION = 3.0;
			};
			name = Debug;
		};
		61BB03751DF14B9B000147CF /* Release */ = {
			isa = XCBuildConfiguration;
			buildSettings = {
				ASSETCATALOG_COMPILER_APPICON_NAME = AppIcon;
				DEVELOPMENT_TEAM = 8AG3F685RU;
				FRAMEWORK_SEARCH_PATHS = (
					"$(inherited)",
					"$(PROJECT_DIR)/SDKTest",
					"$(PROJECT_DIR)",
				);
				INFOPLIST_FILE = SDKTest/Info.plist;
				LD_RUNPATH_SEARCH_PATHS = "$(inherited) @executable_path/Frameworks";
				PRODUCT_BUNDLE_IDENTIFIER = creation.SDKTest;
				PRODUCT_NAME = "$(TARGET_NAME)";
				PROVISIONING_PROFILE = "47b6ad46-9b3a-4ee9-bf10-fd6cf1946f9f";
				SDKROOT = iphoneos9.3;
				SWIFT_VERSION = 3.0;
			};
			name = Release;
		};
/* End XCBuildConfiguration section */

/* Begin XCConfigurationList section */
		61BB035C1DF14B9A000147CF /* Build configuration list for PBXProject "SDKTest" */ = {
			isa = XCConfigurationList;
			buildConfigurations = (
				61BB03711DF14B9B000147CF /* Debug */,
				61BB03721DF14B9B000147CF /* Release */,
			);
			defaultConfigurationIsVisible = 0;
			defaultConfigurationName = Release;
		};
		61BB03731DF14B9B000147CF /* Build configuration list for PBXNativeTarget "SDKTest" */ = {
			isa = XCConfigurationList;
			buildConfigurations = (
				61BB03741DF14B9B000147CF /* Debug */,
				61BB03751DF14B9B000147CF /* Release */,
			);
			defaultConfigurationIsVisible = 0;
			defaultConfigurationName = Release;
		};
/* End XCConfigurationList section */
	};
	rootObject = 61BB03591DF14B9A000147CF /* Project object */;
}
